// !$*UTF8*$!
{
	archiveVersion = 1;
	classes = {
	};
	objectVersion = 50;
	objects = {

/* Begin PBXBuildFile section */
		55DB8B6B21678655000FFFDA /* POMAppDelegate.swift in Sources */ = {isa = PBXBuildFile; fileRef = 55DB8B6A21678655000FFFDA /* POMAppDelegate.swift */; };
		55DB8B6D21678657000FFFDA /* Assets.xcassets in Resources */ = {isa = PBXBuildFile; fileRef = 55DB8B6C21678657000FFFDA /* Assets.xcassets */; };
		55DB8B7021678657000FFFDA /* MainMenu.xib in Resources */ = {isa = PBXBuildFile; fileRef = 55DB8B6E21678657000FFFDA /* MainMenu.xib */; };
		C006AAA22179BB3400E4480B /* Log.swift in Sources */ = {isa = PBXBuildFile; fileRef = C006AAA12179BB3400E4480B /* Log.swift */; };
		C006AAA4217DCD6C00E4480B /* POMUserAttentionGrabber.swift in Sources */ = {isa = PBXBuildFile; fileRef = C006AAA3217DCD6C00E4480B /* POMUserAttentionGrabber.swift */; };
		C006AAA6217F0E3200E4480B /* Config.swift in Sources */ = {isa = PBXBuildFile; fileRef = C006AAA5217F0E3200E4480B /* Config.swift */; };
		C006AAAB2187386A00E4480B /* POMDockMenu.swift in Sources */ = {isa = PBXBuildFile; fileRef = C006AAAA2187386A00E4480B /* POMDockMenu.swift */; };
		C02B4541219076CF0073D9B5 /* POMModalQuestion.swift in Sources */ = {isa = PBXBuildFile; fileRef = C02B4540219076CF0073D9B5 /* POMModalQuestion.swift */; };
		C0A186D2219331A2001C7C6C /* POMDockIconViewBackground.swift in Sources */ = {isa = PBXBuildFile; fileRef = C0A186D1219331A2001C7C6C /* POMDockIconViewBackground.swift */; };
		C0A186D421943CEA001C7C6C /* POMStatistics.swift in Sources */ = {isa = PBXBuildFile; fileRef = C0A186D321943CEA001C7C6C /* POMStatistics.swift */; };
		C0A19A43219B149900F693BA /* POMAppearance.swift in Sources */ = {isa = PBXBuildFile; fileRef = C0A19A42219B149900F693BA /* POMAppearance.swift */; };
		C0C99DFD216B7B4D00B90AD5 /* POMDockIconView.swift in Sources */ = {isa = PBXBuildFile; fileRef = C0C99DFC216B7B4D00B90AD5 /* POMDockIconView.swift */; };
		C0C99DFF216B7D9600B90AD5 /* POMDockIconView.xib in Resources */ = {isa = PBXBuildFile; fileRef = C0C99DFE216B7D9600B90AD5 /* POMDockIconView.xib */; };
		C0C99E01216CDB3B00B90AD5 /* POMAppController.swift in Sources */ = {isa = PBXBuildFile; fileRef = C0C99E00216CDB3B00B90AD5 /* POMAppController.swift */; };
		C0C99E03216CDCFD00B90AD5 /* POMDockIcon.swift in Sources */ = {isa = PBXBuildFile; fileRef = C0C99E02216CDCFD00B90AD5 /* POMDockIcon.swift */; };
		C0C99E05216F601400B90AD5 /* POMTimer.swift in Sources */ = {isa = PBXBuildFile; fileRef = C0C99E04216F601400B90AD5 /* POMTimer.swift */; };
		C0DF4FD321A4432000768DB2 /* POMNotificationHUDWindow.swift in Sources */ = {isa = PBXBuildFile; fileRef = C0DF4FD221A4432000768DB2 /* POMNotificationHUDWindow.swift */; };
/* End PBXBuildFile section */

/* Begin PBXFileReference section */
		55DB8B6A21678655000FFFDA /* POMAppDelegate.swift */ = {isa = PBXFileReference; lastKnownFileType = sourcecode.swift; path = POMAppDelegate.swift; sourceTree = "<group>"; };
		55DB8B6C21678657000FFFDA /* Assets.xcassets */ = {isa = PBXFileReference; lastKnownFileType = folder.assetcatalog; path = Assets.xcassets; sourceTree = "<group>"; };
		55DB8B6F21678657000FFFDA /* Base */ = {isa = PBXFileReference; lastKnownFileType = file.xib; name = Base; path = Base.lproj/MainMenu.xib; sourceTree = "<group>"; };
		55DB8B7121678657000FFFDA /* Info.plist */ = {isa = PBXFileReference; lastKnownFileType = text.plist.xml; path = Info.plist; sourceTree = "<group>"; };
		55DB8B7221678657000FFFDA /* pomodoro.entitlements */ = {isa = PBXFileReference; lastKnownFileType = text.plist.entitlements; path = pomodoro.entitlements; sourceTree = "<group>"; };
		C006AAA12179BB3400E4480B /* Log.swift */ = {isa = PBXFileReference; lastKnownFileType = sourcecode.swift; path = Log.swift; sourceTree = "<group>"; };
		C006AAA3217DCD6C00E4480B /* POMUserAttentionGrabber.swift */ = {isa = PBXFileReference; lastKnownFileType = sourcecode.swift; path = POMUserAttentionGrabber.swift; sourceTree = "<group>"; };
		C006AAA5217F0E3200E4480B /* Config.swift */ = {isa = PBXFileReference; lastKnownFileType = sourcecode.swift; path = Config.swift; sourceTree = "<group>"; };
		C006AAAA2187386A00E4480B /* POMDockMenu.swift */ = {isa = PBXFileReference; lastKnownFileType = sourcecode.swift; path = POMDockMenu.swift; sourceTree = "<group>"; };
		C02B4540219076CF0073D9B5 /* POMModalQuestion.swift */ = {isa = PBXFileReference; lastKnownFileType = sourcecode.swift; path = POMModalQuestion.swift; sourceTree = "<group>"; };
		C0A186D1219331A2001C7C6C /* POMDockIconViewBackground.swift */ = {isa = PBXFileReference; lastKnownFileType = sourcecode.swift; path = POMDockIconViewBackground.swift; sourceTree = "<group>"; };
		C0A186D321943CEA001C7C6C /* POMStatistics.swift */ = {isa = PBXFileReference; lastKnownFileType = sourcecode.swift; path = POMStatistics.swift; sourceTree = "<group>"; };
		C0A19A42219B149900F693BA /* POMAppearance.swift */ = {isa = PBXFileReference; lastKnownFileType = sourcecode.swift; path = POMAppearance.swift; sourceTree = "<group>"; };
		C0C99DFB216B565300B90AD5 /* pomodoro.app */ = {isa = PBXFileReference; explicitFileType = wrapper.application; includeInIndex = 0; path = pomodoro.app; sourceTree = BUILT_PRODUCTS_DIR; };
		C0C99DFC216B7B4D00B90AD5 /* POMDockIconView.swift */ = {isa = PBXFileReference; lastKnownFileType = sourcecode.swift; path = POMDockIconView.swift; sourceTree = "<group>"; };
		C0C99DFE216B7D9600B90AD5 /* POMDockIconView.xib */ = {isa = PBXFileReference; lastKnownFileType = file.xib; path = POMDockIconView.xib; sourceTree = "<group>"; };
		C0C99E00216CDB3B00B90AD5 /* POMAppController.swift */ = {isa = PBXFileReference; lastKnownFileType = sourcecode.swift; path = POMAppController.swift; sourceTree = "<group>"; };
		C0C99E02216CDCFD00B90AD5 /* POMDockIcon.swift */ = {isa = PBXFileReference; lastKnownFileType = sourcecode.swift; path = POMDockIcon.swift; sourceTree = "<group>"; };
		C0C99E04216F601400B90AD5 /* POMTimer.swift */ = {isa = PBXFileReference; lastKnownFileType = sourcecode.swift; path = POMTimer.swift; sourceTree = "<group>"; };
		C0DF4FD221A4432000768DB2 /* POMNotificationHUDWindow.swift */ = {isa = PBXFileReference; lastKnownFileType = sourcecode.swift; path = POMNotificationHUDWindow.swift; sourceTree = "<group>"; };
/* End PBXFileReference section */

/* Begin PBXFrameworksBuildPhase section */
		55DB8B6421678655000FFFDA /* Frameworks */ = {
			isa = PBXFrameworksBuildPhase;
			buildActionMask = 2147483647;
			files = (
			);
			runOnlyForDeploymentPostprocessing = 0;
		};
/* End PBXFrameworksBuildPhase section */

/* Begin PBXGroup section */
		55DB8B5E21678655000FFFDA = {
			isa = PBXGroup;
			children = (
				55DB8B6921678655000FFFDA /* pomodoro */,
				C0C99DFB216B565300B90AD5 /* pomodoro.app */,
			);
			sourceTree = "<group>";
		};
		55DB8B6921678655000FFFDA /* pomodoro */ = {
			isa = PBXGroup;
			children = (
				C006AAA5217F0E3200E4480B /* Config.swift */,
				C006AAA12179BB3400E4480B /* Log.swift */,
				C0C99E00216CDB3B00B90AD5 /* POMAppController.swift */,
				55DB8B6A21678655000FFFDA /* POMAppDelegate.swift */,
				C0C99E02216CDCFD00B90AD5 /* POMDockIcon.swift */,
				C0A19A42219B149900F693BA /* POMAppearance.swift */,
				C0C99DFC216B7B4D00B90AD5 /* POMDockIconView.swift */,
				C0A186D1219331A2001C7C6C /* POMDockIconViewBackground.swift */,
				C006AAAA2187386A00E4480B /* POMDockMenu.swift */,
				C02B4540219076CF0073D9B5 /* POMModalQuestion.swift */,
				C0DF4FD221A4432000768DB2 /* POMNotificationHUDWindow.swift */,
				C0A186D321943CEA001C7C6C /* POMStatistics.swift */,
				C0C99E04216F601400B90AD5 /* POMTimer.swift */,
				C006AAA3217DCD6C00E4480B /* POMUserAttentionGrabber.swift */,
				C006AAA7217F1DCC00E4480B /* Resources */,
			);
			path = pomodoro;
			sourceTree = "<group>";
		};
		C006AAA7217F1DCC00E4480B /* Resources */ = {
			isa = PBXGroup;
			children = (
				55DB8B6C21678657000FFFDA /* Assets.xcassets */,
				55DB8B6E21678657000FFFDA /* MainMenu.xib */,
				C0C99DFE216B7D9600B90AD5 /* POMDockIconView.xib */,
				55DB8B7121678657000FFFDA /* Info.plist */,
				55DB8B7221678657000FFFDA /* pomodoro.entitlements */,
			);
			path = Resources;
			sourceTree = "<group>";
		};
/* End PBXGroup section */

/* Begin PBXNativeTarget section */
		55DB8B6621678655000FFFDA /* pomodoro */ = {
			isa = PBXNativeTarget;
			buildConfigurationList = 55DB8B7521678657000FFFDA /* Build configuration list for PBXNativeTarget "pomodoro" */;
			buildPhases = (
				55DB8B6321678655000FFFDA /* Sources */,
				55DB8B6421678655000FFFDA /* Frameworks */,
				55DB8B6521678655000FFFDA /* Resources */,
			);
			buildRules = (
			);
			dependencies = (
			);
			name = pomodoro;
			productName = pomodoro;
			productReference = C0C99DFB216B565300B90AD5 /* pomodoro.app */;
			productType = "com.apple.product-type.application";
		};
/* End PBXNativeTarget section */

/* Begin PBXProject section */
		55DB8B5F21678655000FFFDA /* Project object */ = {
			isa = PBXProject;
			attributes = {
				LastSwiftUpdateCheck = 1000;
				LastUpgradeCheck = 1000;
				ORGANIZATIONNAME = Anastasiia;
				TargetAttributes = {
					55DB8B6621678655000FFFDA = {
						CreatedOnToolsVersion = 10.0;
					};
				};
			};
			buildConfigurationList = 55DB8B6221678655000FFFDA /* Build configuration list for PBXProject "pomodoro" */;
			compatibilityVersion = "Xcode 9.3";
			developmentRegion = en;
			hasScannedForEncodings = 0;
			knownRegions = (
				en,
				Base,
			);
			mainGroup = 55DB8B5E21678655000FFFDA;
			productRefGroup = 55DB8B5E21678655000FFFDA;
			projectDirPath = "";
			projectRoot = "";
			targets = (
				55DB8B6621678655000FFFDA /* pomodoro */,
			);
		};
/* End PBXProject section */

/* Begin PBXResourcesBuildPhase section */
		55DB8B6521678655000FFFDA /* Resources */ = {
			isa = PBXResourcesBuildPhase;
			buildActionMask = 2147483647;
			files = (
				55DB8B6D21678657000FFFDA /* Assets.xcassets in Resources */,
				C0C99DFF216B7D9600B90AD5 /* POMDockIconView.xib in Resources */,
				55DB8B7021678657000FFFDA /* MainMenu.xib in Resources */,
			);
			runOnlyForDeploymentPostprocessing = 0;
		};
/* End PBXResourcesBuildPhase section */

/* Begin PBXSourcesBuildPhase section */
		55DB8B6321678655000FFFDA /* Sources */ = {
			isa = PBXSourcesBuildPhase;
			buildActionMask = 2147483647;
			files = (
				55DB8B6B21678655000FFFDA /* POMAppDelegate.swift in Sources */,
				C0C99DFD216B7B4D00B90AD5 /* POMDockIconView.swift in Sources */,
				C02B4541219076CF0073D9B5 /* POMModalQuestion.swift in Sources */,
				C006AAA22179BB3400E4480B /* Log.swift in Sources */,
				C006AAAB2187386A00E4480B /* POMDockMenu.swift in Sources */,
				C0C99E01216CDB3B00B90AD5 /* POMAppController.swift in Sources */,
				C0A186D2219331A2001C7C6C /* POMDockIconViewBackground.swift in Sources */,
				C0C99E05216F601400B90AD5 /* POMTimer.swift in Sources */,
				C0A19A43219B149900F693BA /* POMAppearance.swift in Sources */,
				C006AAA6217F0E3200E4480B /* Config.swift in Sources */,
				C0A186D421943CEA001C7C6C /* POMStatistics.swift in Sources */,
				C0C99E03216CDCFD00B90AD5 /* POMDockIcon.swift in Sources */,
				C006AAA4217DCD6C00E4480B /* POMUserAttentionGrabber.swift in Sources */,
				C0DF4FD321A4432000768DB2 /* POMNotificationHUDWindow.swift in Sources */,
			);
			runOnlyForDeploymentPostprocessing = 0;
		};
/* End PBXSourcesBuildPhase section */

/* Begin PBXVariantGroup section */
		55DB8B6E21678657000FFFDA /* MainMenu.xib */ = {
			isa = PBXVariantGroup;
			children = (
				55DB8B6F21678657000FFFDA /* Base */,
			);
			name = MainMenu.xib;
			sourceTree = "<group>";
		};
/* End PBXVariantGroup section */

/* Begin XCBuildConfiguration section */
		55DB8B7321678657000FFFDA /* Debug */ = {
			isa = XCBuildConfiguration;
			buildSettings = {
				ALWAYS_SEARCH_USER_PATHS = NO;
				CLANG_ANALYZER_NONNULL = YES;
				CLANG_ANALYZER_NUMBER_OBJECT_CONVERSION = YES_AGGRESSIVE;
				CLANG_CXX_LANGUAGE_STANDARD = "gnu++14";
				CLANG_CXX_LIBRARY = "libc++";
				CLANG_ENABLE_MODULES = YES;
				CLANG_ENABLE_OBJC_ARC = YES;
				CLANG_ENABLE_OBJC_WEAK = YES;
				CLANG_WARN_BLOCK_CAPTURE_AUTORELEASING = YES;
				CLANG_WARN_BOOL_CONVERSION = YES;
				CLANG_WARN_COMMA = YES;
				CLANG_WARN_CONSTANT_CONVERSION = YES;
				CLANG_WARN_DEPRECATED_OBJC_IMPLEMENTATIONS = YES;
				CLANG_WARN_DIRECT_OBJC_ISA_USAGE = YES_ERROR;
				CLANG_WARN_DOCUMENTATION_COMMENTS = YES;
				CLANG_WARN_EMPTY_BODY = YES;
				CLANG_WARN_ENUM_CONVERSION = YES;
				CLANG_WARN_INFINITE_RECURSION = YES;
				CLANG_WARN_INT_CONVERSION = YES;
				CLANG_WARN_NON_LITERAL_NULL_CONVERSION = YES;
				CLANG_WARN_OBJC_IMPLICIT_RETAIN_SELF = YES;
				CLANG_WARN_OBJC_LITERAL_CONVERSION = YES;
				CLANG_WARN_OBJC_ROOT_CLASS = YES_ERROR;
				CLANG_WARN_RANGE_LOOP_ANALYSIS = YES;
				CLANG_WARN_STRICT_PROTOTYPES = YES;
				CLANG_WARN_SUSPICIOUS_MOVE = YES;
				CLANG_WARN_UNGUARDED_AVAILABILITY = YES_AGGRESSIVE;
				CLANG_WARN_UNREACHABLE_CODE = YES;
				CLANG_WARN__DUPLICATE_METHOD_MATCH = YES;
				CODE_SIGN_IDENTITY = "-";
				COPY_PHASE_STRIP = NO;
				DEBUG_INFORMATION_FORMAT = dwarf;
				ENABLE_STRICT_OBJC_MSGSEND = YES;
				ENABLE_TESTABILITY = YES;
				GCC_C_LANGUAGE_STANDARD = gnu11;
				GCC_DYNAMIC_NO_PIC = NO;
				GCC_NO_COMMON_BLOCKS = YES;
				GCC_OPTIMIZATION_LEVEL = 0;
				GCC_PREPROCESSOR_DEFINITIONS = (
					"DEBUG=1",
					"$(inherited)",
				);
				GCC_WARN_64_TO_32_BIT_CONVERSION = YES;
				GCC_WARN_ABOUT_RETURN_TYPE = YES_ERROR;
				GCC_WARN_UNDECLARED_SELECTOR = YES;
				GCC_WARN_UNINITIALIZED_AUTOS = YES_AGGRESSIVE;
				GCC_WARN_UNUSED_FUNCTION = YES;
				GCC_WARN_UNUSED_VARIABLE = YES;
				MACOSX_DEPLOYMENT_TARGET = 10.14;
				MTL_ENABLE_DEBUG_INFO = INCLUDE_SOURCE;
				MTL_FAST_MATH = YES;
				ONLY_ACTIVE_ARCH = YES;
				SDKROOT = macosx;
				SWIFT_ACTIVE_COMPILATION_CONDITIONS = DEBUG;
				SWIFT_OPTIMIZATION_LEVEL = "-Onone";
			};
			name = Debug;
		};
		55DB8B7421678657000FFFDA /* Release */ = {
			isa = XCBuildConfiguration;
			buildSettings = {
				ALWAYS_SEARCH_USER_PATHS = NO;
				CLANG_ANALYZER_NONNULL = YES;
				CLANG_ANALYZER_NUMBER_OBJECT_CONVERSION = YES_AGGRESSIVE;
				CLANG_CXX_LANGUAGE_STANDARD = "gnu++14";
				CLANG_CXX_LIBRARY = "libc++";
				CLANG_ENABLE_MODULES = YES;
				CLANG_ENABLE_OBJC_ARC = YES;
				CLANG_ENABLE_OBJC_WEAK = YES;
				CLANG_WARN_BLOCK_CAPTURE_AUTORELEASING = YES;
				CLANG_WARN_BOOL_CONVERSION = YES;
				CLANG_WARN_COMMA = YES;
				CLANG_WARN_CONSTANT_CONVERSION = YES;
				CLANG_WARN_DEPRECATED_OBJC_IMPLEMENTATIONS = YES;
				CLANG_WARN_DIRECT_OBJC_ISA_USAGE = YES_ERROR;
				CLANG_WARN_DOCUMENTATION_COMMENTS = YES;
				CLANG_WARN_EMPTY_BODY = YES;
				CLANG_WARN_ENUM_CONVERSION = YES;
				CLANG_WARN_INFINITE_RECURSION = YES;
				CLANG_WARN_INT_CONVERSION = YES;
				CLANG_WARN_NON_LITERAL_NULL_CONVERSION = YES;
				CLANG_WARN_OBJC_IMPLICIT_RETAIN_SELF = YES;
				CLANG_WARN_OBJC_LITERAL_CONVERSION = YES;
				CLANG_WARN_OBJC_ROOT_CLASS = YES_ERROR;
				CLANG_WARN_RANGE_LOOP_ANALYSIS = YES;
				CLANG_WARN_STRICT_PROTOTYPES = YES;
				CLANG_WARN_SUSPICIOUS_MOVE = YES;
				CLANG_WARN_UNGUARDED_AVAILABILITY = YES_AGGRESSIVE;
				CLANG_WARN_UNREACHABLE_CODE = YES;
				CLANG_WARN__DUPLICATE_METHOD_MATCH = YES;
				CODE_SIGN_IDENTITY = "-";
				COPY_PHASE_STRIP = NO;
				DEBUG_INFORMATION_FORMAT = "dwarf-with-dsym";
				ENABLE_NS_ASSERTIONS = NO;
				ENABLE_STRICT_OBJC_MSGSEND = YES;
				GCC_C_LANGUAGE_STANDARD = gnu11;
				GCC_NO_COMMON_BLOCKS = YES;
				GCC_WARN_64_TO_32_BIT_CONVERSION = YES;
				GCC_WARN_ABOUT_RETURN_TYPE = YES_ERROR;
				GCC_WARN_UNDECLARED_SELECTOR = YES;
				GCC_WARN_UNINITIALIZED_AUTOS = YES_AGGRESSIVE;
				GCC_WARN_UNUSED_FUNCTION = YES;
				GCC_WARN_UNUSED_VARIABLE = YES;
				MACOSX_DEPLOYMENT_TARGET = 10.14;
				MTL_ENABLE_DEBUG_INFO = NO;
				MTL_FAST_MATH = YES;
				SDKROOT = macosx;
				SWIFT_COMPILATION_MODE = wholemodule;
				SWIFT_OPTIMIZATION_LEVEL = "-O";
			};
			name = Release;
		};
		55DB8B7621678657000FFFDA /* Debug */ = {
			isa = XCBuildConfiguration;
			buildSettings = {
				ASSETCATALOG_COMPILER_APPICON_NAME = AppIcon;
				CODE_SIGN_ENTITLEMENTS = pomodoro/Resources/pomodoro.entitlements;
				CODE_SIGN_STYLE = Automatic;
				COMBINE_HIDPI_IMAGES = YES;
				INFOPLIST_FILE = "$(SRCROOT)/pomodoro/Resources/Info.plist";
				LD_RUNPATH_SEARCH_PATHS = (
					"$(inherited)",
					"@executable_path/../Frameworks",
				);
				MACOSX_DEPLOYMENT_TARGET = 10.12;
				PRODUCT_BUNDLE_IDENTIFIER = blavry.pomodoro;
				PRODUCT_NAME = "$(TARGET_NAME)";
				SWIFT_VERSION = 4.2;
			};
			name = Debug;
		};
		55DB8B7721678657000FFFDA /* Release */ = {
			isa = XCBuildConfiguration;
			buildSettings = {
				ASSETCATALOG_COMPILER_APPICON_NAME = AppIcon;
				CODE_SIGN_ENTITLEMENTS = pomodoro/Resources/pomodoro.entitlements;
				CODE_SIGN_STYLE = Automatic;
				COMBINE_HIDPI_IMAGES = YES;
				INFOPLIST_FILE = "$(SRCROOT)/pomodoro/Resources/Info.plist";
				LD_RUNPATH_SEARCH_PATHS = (
					"$(inherited)",
					"@executable_path/../Frameworks",
				);
				MACOSX_DEPLOYMENT_TARGET = 10.12;
				PRODUCT_BUNDLE_IDENTIFIER = blavry.pomodoro;
				PRODUCT_NAME = "$(TARGET_NAME)";
				SWIFT_VERSION = 4.2;
			};
			name = Release;
		};
/* End XCBuildConfiguration section */

/* Begin XCConfigurationList section */
		55DB8B6221678655000FFFDA /* Build configuration list for PBXProject "pomodoro" */ = {
			isa = XCConfigurationList;
			buildConfigurations = (
				55DB8B7321678657000FFFDA /* Debug */,
				55DB8B7421678657000FFFDA /* Release */,
			);
			defaultConfigurationIsVisible = 0;
			defaultConfigurationName = Release;
		};
		55DB8B7521678657000FFFDA /* Build configuration list for PBXNativeTarget "pomodoro" */ = {
			isa = XCConfigurationList;
			buildConfigurations = (
				55DB8B7621678657000FFFDA /* Debug */,
				55DB8B7721678657000FFFDA /* Release */,
			);
			defaultConfigurationIsVisible = 0;
			defaultConfigurationName = Release;
		};
/* End XCConfigurationList section */
	};
	rootObject = 55DB8B5F21678655000FFFDA /* Project object */;
}
